
Microsoft Visual Studio Solution File, Format Version 12.00
# Visual Studio 15
VisualStudioVersion = 15.0.27130.2036
MinimumVisualStudioVersion = 10.0.40219.1
Project("{9A19103F-16F7-4668-BE54-9A1E7A4F7556}") = "Neuronic.Filters", "Neuronic.Filters\Neuronic.Filters.csproj", "{9A6A1831-E498-4AD4-8B5B-D1E67F941951}"
EndProject
Project("{FAE04EC0-301F-11D3-BF4B-00C04F79EFBC}") = "Neuronic.Filters.Testing", "Neuronic.Filters.Testing\Neuronic.Filters.Testing.csproj", "{37E82A29-82AD-4767-B7DB-2C21B8F52CF0}"
EndProject
Project("{FAE04EC0-301F-11D3-BF4B-00C04F79EFBC}") = "Neuronic.Filters.Shell", "Neuronic.Filters.Shell\Neuronic.Filters.Shell.csproj", "{0DD9435E-79F6-4C55-8F42-0EB70D2B859B}"
EndProject
Global
	GlobalSection(SolutionConfigurationPlatforms) = preSolution
		Debug|Any CPU = Debug|Any CPU
		Release|Any CPU = Release|Any CPU
	EndGlobalSection
	GlobalSection(ProjectConfigurationPlatforms) = postSolution
		{9A6A1831-E498-4AD4-8B5B-D1E67F941951}.Debug|Any CPU.ActiveCfg = Debug|Any CPU
		{9A6A1831-E498-4AD4-8B5B-D1E67F941951}.Debug|Any CPU.Build.0 = Debug|Any CPU
		{9A6A1831-E498-4AD4-8B5B-D1E67F941951}.Release|Any CPU.ActiveCfg = Release|Any CPU
		{9A6A1831-E498-4AD4-8B5B-D1E67F941951}.Release|Any CPU.Build.0 = Release|Any CPU
		{37E82A29-82AD-4767-B7DB-2C21B8F52CF0}.Debug|Any CPU.ActiveCfg = Debug|Any CPU
		{37E82A29-82AD-4767-B7DB-2C21B8F52CF0}.Debug|Any CPU.Build.0 = Debug|Any CPU
		{37E82A29-82AD-4767-B7DB-2C21B8F52CF0}.Release|Any CPU.ActiveCfg = Release|Any CPU
		{37E82A29-82AD-4767-B7DB-2C21B8F52CF0}.Release|Any CPU.Build.0 = Release|Any CPU
		{0DD9435E-79F6-4C55-8F42-0EB70D2B859B}.Debug|Any CPU.ActiveCfg = Debug|Any CPU
		{0DD9435E-79F6-4C55-8F42-0EB70D2B859B}.Debug|Any CPU.Build.0 = Debug|Any CPU
		{0DD9435E-79F6-4C55-8F42-0EB70D2B859B}.Release|Any CPU.ActiveCfg = Release|Any CPU
		{0DD9435E-79F6-4C55-8F42-0EB70D2B859B}.Release|Any CPU.Build.0 = Release|Any CPU
	EndGlobalSection
	GlobalSection(SolutionProperties) = preSolution
		HideSolutionNode = FALSE
	EndGlobalSection
	GlobalSection(ExtensibilityGlobals) = postSolution
		SolutionGuid = {70C1F0C0-7D57-4BF4-8410-C2419CC1D80A}
	EndGlobalSection
EndGlobal
